
Microsoft Visual Studio Solution File, Format Version 12.00
# Visual Studio 15
Project("{FAE04EC0-301F-11D3-BF4B-00C04F79EFBC}") = "Recipes", "Recipes\Recipes.csproj", "{18319727-4C37-45EA-B34E-7605D30D7027}"
EndProject
Project("{FAE04EC0-301F-11D3-BF4B-00C04F79EFBC}") = "Recipes.Services", "Recipes.Services\Recipes.Services.csproj", "{C200930B-CE4D-4B8C-805F-CB4CABCFB52B}"
EndProject
Project("{FAE04EC0-301F-11D3-BF4B-00C04F79EFBC}") = "Recipes.Android", "Recipes.Android\Recipes.Android.csproj", "{52ED0ECB-5277-4847-9DED-44ED58FA180F}"
EndProject
Project("{FAE04EC0-301F-11D3-BF4B-00C04F79EFBC}") = "Recipes.iOS", "Recipes.iOS\Recipes.iOS.csproj", "{A8ED1712-F406-494A-A121-983DD20182F0}"
EndProject
Global
	GlobalSection(SolutionConfigurationPlatforms) = preSolution
		Debug|Any CPU = Debug|Any CPU
		Release|Any CPU = Release|Any CPU
		Debug|iPhoneSimulator = Debug|iPhoneSimulator
		Release|iPhoneSimulator = Release|iPhoneSimulator
		Debug|iPhone = Debug|iPhone
		Release|iPhone = Release|iPhone
	EndGlobalSection
	GlobalSection(ProjectConfigurationPlatforms) = postSolution
		{18319727-4C37-45EA-B34E-7605D30D7027}.Debug|Any CPU.ActiveCfg = Debug|Any CPU
		{18319727-4C37-45EA-B34E-7605D30D7027}.Debug|Any CPU.Build.0 = Debug|Any CPU
		{18319727-4C37-45EA-B34E-7605D30D7027}.Release|Any CPU.ActiveCfg = Release|Any CPU
		{18319727-4C37-45EA-B34E-7605D30D7027}.Release|Any CPU.Build.0 = Release|Any CPU
		{18319727-4C37-45EA-B34E-7605D30D7027}.Debug|iPhoneSimulator.ActiveCfg = Debug|Any CPU
		{18319727-4C37-45EA-B34E-7605D30D7027}.Debug|iPhoneSimulator.Build.0 = Debug|Any CPU
		{18319727-4C37-45EA-B34E-7605D30D7027}.Release|iPhoneSimulator.ActiveCfg = Release|Any CPU
		{18319727-4C37-45EA-B34E-7605D30D7027}.Release|iPhoneSimulator.Build.0 = Release|Any CPU
		{18319727-4C37-45EA-B34E-7605D30D7027}.Debug|iPhone.ActiveCfg = Debug|Any CPU
		{18319727-4C37-45EA-B34E-7605D30D7027}.Debug|iPhone.Build.0 = Debug|Any CPU
		{18319727-4C37-45EA-B34E-7605D30D7027}.Release|iPhone.ActiveCfg = Release|Any CPU
		{18319727-4C37-45EA-B34E-7605D30D7027}.Release|iPhone.Build.0 = Release|Any CPU
		{C200930B-CE4D-4B8C-805F-CB4CABCFB52B}.Debug|Any CPU.ActiveCfg = Debug|Any CPU
		{C200930B-CE4D-4B8C-805F-CB4CABCFB52B}.Debug|Any CPU.Build.0 = Debug|Any CPU
		{C200930B-CE4D-4B8C-805F-CB4CABCFB52B}.Release|Any CPU.ActiveCfg = Release|Any CPU
		{C200930B-CE4D-4B8C-805F-CB4CABCFB52B}.Release|Any CPU.Build.0 = Release|Any CPU
		{C200930B-CE4D-4B8C-805F-CB4CABCFB52B}.Debug|iPhoneSimulator.ActiveCfg = Debug|Any CPU
		{C200930B-CE4D-4B8C-805F-CB4CABCFB52B}.Debug|iPhoneSimulator.Build.0 = Debug|Any CPU
		{C200930B-CE4D-4B8C-805F-CB4CABCFB52B}.Release|iPhoneSimulator.ActiveCfg = Release|Any CPU
		{C200930B-CE4D-4B8C-805F-CB4CABCFB52B}.Release|iPhoneSimulator.Build.0 = Release|Any CPU
		{C200930B-CE4D-4B8C-805F-CB4CABCFB52B}.Debug|iPhone.ActiveCfg = Debug|Any CPU
		{C200930B-CE4D-4B8C-805F-CB4CABCFB52B}.Debug|iPhone.Build.0 = Debug|Any CPU
		{C200930B-CE4D-4B8C-805F-CB4CABCFB52B}.Release|iPhone.ActiveCfg = Release|Any CPU
		{C200930B-CE4D-4B8C-805F-CB4CABCFB52B}.Release|iPhone.Build.0 = Release|Any CPU
		{52ED0ECB-5277-4847-9DED-44ED58FA180F}.Debug|Any CPU.ActiveCfg = Debug|Any CPU
		{52ED0ECB-5277-4847-9DED-44ED58FA180F}.Debug|Any CPU.Build.0 = Debug|Any CPU
		{52ED0ECB-5277-4847-9DED-44ED58FA180F}.Release|Any CPU.ActiveCfg = Release|Any CPU
		{52ED0ECB-5277-4847-9DED-44ED58FA180F}.Release|Any CPU.Build.0 = Release|Any CPU
		{52ED0ECB-5277-4847-9DED-44ED58FA180F}.Debug|iPhoneSimulator.ActiveCfg = Debug|Any CPU
		{52ED0ECB-5277-4847-9DED-44ED58FA180F}.Debug|iPhoneSimulator.Build.0 = Debug|Any CPU
		{52ED0ECB-5277-4847-9DED-44ED58FA180F}.Release|iPhoneSimulator.ActiveCfg = Release|Any CPU
		{52ED0ECB-5277-4847-9DED-44ED58FA180F}.Release|iPhoneSimulator.Build.0 = Release|Any CPU
		{52ED0ECB-5277-4847-9DED-44ED58FA180F}.Debug|iPhone.ActiveCfg = Debug|Any CPU
		{52ED0ECB-5277-4847-9DED-44ED58FA180F}.Debug|iPhone.Build.0 = Debug|Any CPU
		{52ED0ECB-5277-4847-9DED-44ED58FA180F}.Release|iPhone.ActiveCfg = Release|Any CPU
		{52ED0ECB-5277-4847-9DED-44ED58FA180F}.Release|iPhone.Build.0 = Release|Any CPU
		{A8ED1712-F406-494A-A121-983DD20182F0}.Debug|Any CPU.ActiveCfg = Debug|iPhoneSimulator
		{A8ED1712-F406-494A-A121-983DD20182F0}.Debug|Any CPU.Build.0 = Debug|iPhoneSimulator
		{A8ED1712-F406-494A-A121-983DD20182F0}.Release|Any CPU.ActiveCfg = Release|iPhoneSimulator
		{A8ED1712-F406-494A-A121-983DD20182F0}.Release|Any CPU.Build.0 = Release|iPhoneSimulator
		{A8ED1712-F406-494A-A121-983DD20182F0}.Debug|iPhoneSimulator.ActiveCfg = Debug|iPhoneSimulator
		{A8ED1712-F406-494A-A121-983DD20182F0}.Debug|iPhoneSimulator.Build.0 = Debug|iPhoneSimulator
		{A8ED1712-F406-494A-A121-983DD20182F0}.Release|iPhoneSimulator.ActiveCfg = Release|iPhoneSimulator
		{A8ED1712-F406-494A-A121-983DD20182F0}.Release|iPhoneSimulator.Build.0 = Release|iPhoneSimulator
		{A8ED1712-F406-494A-A121-983DD20182F0}.Debug|iPhone.ActiveCfg = Debug|iPhone
		{A8ED1712-F406-494A-A121-983DD20182F0}.Debug|iPhone.Build.0 = Debug|iPhone
		{A8ED1712-F406-494A-A121-983DD20182F0}.Release|iPhone.ActiveCfg = Release|iPhone
		{A8ED1712-F406-494A-A121-983DD20182F0}.Release|iPhone.Build.0 = Release|iPhone
	EndGlobalSection
EndGlobal
